// !$*UTF8*$!
{
	archiveVersion = 1;
	classes = {
	};
	objectVersion = 55;
	objects = {

/* Begin PBXBuildFile section */
		2A0AE9A8286AF3E500E16479 /* HistoryViewController.swift in Sources */ = {isa = PBXBuildFile; fileRef = 2A0AE9A7286AF3E500E16479 /* HistoryViewController.swift */; };
		2A0AE9AA286AF69600E16479 /* CurrentWeatherModel.swift in Sources */ = {isa = PBXBuildFile; fileRef = 2A0AE9A9286AF69600E16479 /* CurrentWeatherModel.swift */; };
		2A0AE9AD286AF80D00E16479 /* Realm in Frameworks */ = {isa = PBXBuildFile; productRef = 2A0AE9AC286AF80D00E16479 /* Realm */; };
		2A0AE9AF286AF80D00E16479 /* RealmSwift in Frameworks */ = {isa = PBXBuildFile; productRef = 2A0AE9AE286AF80D00E16479 /* RealmSwift */; };
		2A0AE9B3286B1DBA00E16479 /* HistoryCell.swift in Sources */ = {isa = PBXBuildFile; fileRef = 2A0AE9B1286B1DBA00E16479 /* HistoryCell.swift */; };
		2A0AE9B4286B1DBA00E16479 /* HistoryCell.xib in Resources */ = {isa = PBXBuildFile; fileRef = 2A0AE9B2286B1DBA00E16479 /* HistoryCell.xib */; };
		2A0AE9B6286C3A6100E16479 /* RealmManager.swift in Sources */ = {isa = PBXBuildFile; fileRef = 2A0AE9B5286C3A6100E16479 /* RealmManager.swift */; };
		2A166757287D7B90005D7D60 /* Localizable.strings in Resources */ = {isa = PBXBuildFile; fileRef = 2A166759287D7B90005D7D60 /* Localizable.strings */; };
		2A16675C287D7C64005D7D60 /* String+Extension.swift in Sources */ = {isa = PBXBuildFile; fileRef = 2A16675B287D7C64005D7D60 /* String+Extension.swift */; };
		2A16675F287D9EF4005D7D60 /* InfoPlist.strings in Resources */ = {isa = PBXBuildFile; fileRef = 2A166761287D9EF4005D7D60 /* InfoPlist.strings */; };
		2A2BB8BB286ED6B600951BC4 /* Notification.Name+Extension.swift in Sources */ = {isa = PBXBuildFile; fileRef = 2A2BB8BA286ED6B600951BC4 /* Notification.Name+Extension.swift */; };
		2A799025287B0372009E4F7F /* MarkerWindowView.xib in Resources */ = {isa = PBXBuildFile; fileRef = 2A799024287B0372009E4F7F /* MarkerWindowView.xib */; };
		2A799027287B038C009E4F7F /* MarkerWindowView.swift in Sources */ = {isa = PBXBuildFile; fileRef = 2A799026287B038C009E4F7F /* MarkerWindowView.swift */; };
		2A7D81FA2861E8F6008D3153 /* MainViewController+Extension.swift in Sources */ = {isa = PBXBuildFile; fileRef = 2A7D81F92861E8F6008D3153 /* MainViewController+Extension.swift */; };
		2A7D81FC28630F61008D3153 /* Geocoding.swift in Sources */ = {isa = PBXBuildFile; fileRef = 2A7D81FB28630F61008D3153 /* Geocoding.swift */; };
		2A7D81FE28631401008D3153 /* WeatherData.swift in Sources */ = {isa = PBXBuildFile; fileRef = 2A7D81FD28631401008D3153 /* WeatherData.swift */; };
		2A7D820028635BC0008D3153 /* DailyWeatherData.swift in Sources */ = {isa = PBXBuildFile; fileRef = 2A7D81FF28635BC0008D3153 /* DailyWeatherData.swift */; };
		2A7D820228635C00008D3153 /* HourlyWeatherData.swift in Sources */ = {isa = PBXBuildFile; fileRef = 2A7D820128635C00008D3153 /* HourlyWeatherData.swift */; };
		2A7D820628645E21008D3153 /* Endpoint+Extension.swift in Sources */ = {isa = PBXBuildFile; fileRef = 2A7D820528645E21008D3153 /* Endpoint+Extension.swift */; };
		2A7D820A2865D0D7008D3153 /* MapViewController.swift in Sources */ = {isa = PBXBuildFile; fileRef = 2A7D82092865D0D7008D3153 /* MapViewController.swift */; };
		2A7D820D2865D2DE008D3153 /* SnapKit in Frameworks */ = {isa = PBXBuildFile; productRef = 2A7D820C2865D2DE008D3153 /* SnapKit */; };
		2A7D821028663C45008D3153 /* DailyWeatherCell.swift in Sources */ = {isa = PBXBuildFile; fileRef = 2A7D820E28663C45008D3153 /* DailyWeatherCell.swift */; };
		2A7D821128663C45008D3153 /* DailyWeatherCell.xib in Resources */ = {isa = PBXBuildFile; fileRef = 2A7D820F28663C45008D3153 /* DailyWeatherCell.xib */; };
		2A8BBF7B2868E45700D05D40 /* Int+Extension.swift in Sources */ = {isa = PBXBuildFile; fileRef = 2A8BBF7A2868E45700D05D40 /* Int+Extension.swift */; };
		2A8BBF7D2869AE2C00D05D40 /* UIImageView+Extension.swift in Sources */ = {isa = PBXBuildFile; fileRef = 2A8BBF7C2869AE2C00D05D40 /* UIImageView+Extension.swift */; };
		2A8ED44928815B39009AB8AE /* SettingsViewController.swift in Sources */ = {isa = PBXBuildFile; fileRef = 2A8ED44828815B38009AB8AE /* SettingsViewController.swift */; };
		2A8ED44B28817003009AB8AE /* SelectNotificationSettings.swift in Sources */ = {isa = PBXBuildFile; fileRef = 2A8ED44A28817003009AB8AE /* SelectNotificationSettings.swift */; };
		2A8ED45028842D9F009AB8AE /* Units.swift in Sources */ = {isa = PBXBuildFile; fileRef = 2A8ED44F28842D9F009AB8AE /* Units.swift */; };
		2AB5FA48287438C400FD53FF /* CellWithCollectionView.swift in Sources */ = {isa = PBXBuildFile; fileRef = 2AB5FA46287438C400FD53FF /* CellWithCollectionView.swift */; };
		2AB5FA49287438C400FD53FF /* CellWithCollectionView.xib in Resources */ = {isa = PBXBuildFile; fileRef = 2AB5FA47287438C400FD53FF /* CellWithCollectionView.xib */; };
		2AB5FA4D2874399500FD53FF /* MyHourlyCell.swift in Sources */ = {isa = PBXBuildFile; fileRef = 2AB5FA4B2874399500FD53FF /* MyHourlyCell.swift */; };
		2AB5FA4E2874399500FD53FF /* MyHourlyCell.xib in Resources */ = {isa = PBXBuildFile; fileRef = 2AB5FA4C2874399500FD53FF /* MyHourlyCell.xib */; };
		2AB5FA532874883200FD53FF /* CurrentWeatherCell.swift in Sources */ = {isa = PBXBuildFile; fileRef = 2AB5FA512874883200FD53FF /* CurrentWeatherCell.swift */; };
		2AB5FA542874883200FD53FF /* CurrentWeatherCell.xib in Resources */ = {isa = PBXBuildFile; fileRef = 2AB5FA522874883200FD53FF /* CurrentWeatherCell.xib */; };
		2AED752F288A9FE3007CF799 /* UIButton+Extension.swift in Sources */ = {isa = PBXBuildFile; fileRef = 2AED752E288A9FE3007CF799 /* UIButton+Extension.swift */; };
		B2A9FC62FA74EC45AA7C386B /* Pods_WeatherApp.framework in Frameworks */ = {isa = PBXBuildFile; fileRef = 098477BCF29725D558D934E2 /* Pods_WeatherApp.framework */; };
		CE643618285C840A0055166C /* AppDelegate.swift in Sources */ = {isa = PBXBuildFile; fileRef = CE643617285C840A0055166C /* AppDelegate.swift */; };
		CE64361A285C840A0055166C /* SceneDelegate.swift in Sources */ = {isa = PBXBuildFile; fileRef = CE643619285C840A0055166C /* SceneDelegate.swift */; };
		CE64361C285C840A0055166C /* MainViewController.swift in Sources */ = {isa = PBXBuildFile; fileRef = CE64361B285C840A0055166C /* MainViewController.swift */; };
		CE64361F285C840A0055166C /* Main.storyboard in Resources */ = {isa = PBXBuildFile; fileRef = CE64361D285C840A0055166C /* Main.storyboard */; };
		CE643621285C840C0055166C /* Assets.xcassets in Resources */ = {isa = PBXBuildFile; fileRef = CE643620285C840C0055166C /* Assets.xcassets */; };
		CE643624285C840C0055166C /* LaunchScreen.storyboard in Resources */ = {isa = PBXBuildFile; fileRef = CE643622285C840C0055166C /* LaunchScreen.storyboard */; };
		CE6E9872285C9C72001AF73B /* NetworkWeatherManager.swift in Sources */ = {isa = PBXBuildFile; fileRef = CE6E9871285C9C72001AF73B /* NetworkWeatherManager.swift */; };
		D06937E82886A4F800790613 /* CitiesViewController.swift in Sources */ = {isa = PBXBuildFile; fileRef = D06937E72886A4F800790613 /* CitiesViewController.swift */; };
		D06937EC2886BB5C00790613 /* ReverseGeocoding.swift in Sources */ = {isa = PBXBuildFile; fileRef = D06937EB2886BB5C00790613 /* ReverseGeocoding.swift */; };
/* End PBXBuildFile section */

/* Begin PBXFileReference section */
		098477BCF29725D558D934E2 /* Pods_WeatherApp.framework */ = {isa = PBXFileReference; explicitFileType = wrapper.framework; includeInIndex = 0; path = Pods_WeatherApp.framework; sourceTree = BUILT_PRODUCTS_DIR; };
		2A0AE9A7286AF3E500E16479 /* HistoryViewController.swift */ = {isa = PBXFileReference; lastKnownFileType = sourcecode.swift; path = HistoryViewController.swift; sourceTree = "<group>"; };
		2A0AE9A9286AF69600E16479 /* CurrentWeatherModel.swift */ = {isa = PBXFileReference; lastKnownFileType = sourcecode.swift; path = CurrentWeatherModel.swift; sourceTree = "<group>"; };
		2A0AE9B1286B1DBA00E16479 /* HistoryCell.swift */ = {isa = PBXFileReference; lastKnownFileType = sourcecode.swift; path = HistoryCell.swift; sourceTree = "<group>"; };
		2A0AE9B2286B1DBA00E16479 /* HistoryCell.xib */ = {isa = PBXFileReference; lastKnownFileType = file.xib; path = HistoryCell.xib; sourceTree = "<group>"; };
		2A0AE9B5286C3A6100E16479 /* RealmManager.swift */ = {isa = PBXFileReference; lastKnownFileType = sourcecode.swift; path = RealmManager.swift; sourceTree = "<group>"; };
		2A166758287D7B90005D7D60 /* en */ = {isa = PBXFileReference; lastKnownFileType = text.plist.strings; name = en; path = en.lproj/Localizable.strings; sourceTree = "<group>"; };
		2A16675A287D7C27005D7D60 /* ru */ = {isa = PBXFileReference; lastKnownFileType = text.plist.strings; name = ru; path = ru.lproj/Localizable.strings; sourceTree = "<group>"; };
		2A16675B287D7C64005D7D60 /* String+Extension.swift */ = {isa = PBXFileReference; lastKnownFileType = sourcecode.swift; path = "String+Extension.swift"; sourceTree = "<group>"; };
		2A166760287D9EF4005D7D60 /* en */ = {isa = PBXFileReference; lastKnownFileType = text.plist.strings; name = en; path = en.lproj/InfoPlist.strings; sourceTree = "<group>"; };
		2A166762287D9EF6005D7D60 /* ru */ = {isa = PBXFileReference; lastKnownFileType = text.plist.strings; name = ru; path = ru.lproj/InfoPlist.strings; sourceTree = "<group>"; };
		2A2BB8BA286ED6B600951BC4 /* Notification.Name+Extension.swift */ = {isa = PBXFileReference; lastKnownFileType = sourcecode.swift; path = "Notification.Name+Extension.swift"; sourceTree = "<group>"; };
		2A799024287B0372009E4F7F /* MarkerWindowView.xib */ = {isa = PBXFileReference; lastKnownFileType = file.xib; path = MarkerWindowView.xib; sourceTree = "<group>"; };
		2A799026287B038C009E4F7F /* MarkerWindowView.swift */ = {isa = PBXFileReference; lastKnownFileType = sourcecode.swift; path = MarkerWindowView.swift; sourceTree = "<group>"; };
		2A7D81F92861E8F6008D3153 /* MainViewController+Extension.swift */ = {isa = PBXFileReference; lastKnownFileType = sourcecode.swift; path = "MainViewController+Extension.swift"; sourceTree = "<group>"; };
		2A7D81FB28630F61008D3153 /* Geocoding.swift */ = {isa = PBXFileReference; lastKnownFileType = sourcecode.swift; path = Geocoding.swift; sourceTree = "<group>"; };
		2A7D81FD28631401008D3153 /* WeatherData.swift */ = {isa = PBXFileReference; lastKnownFileType = sourcecode.swift; path = WeatherData.swift; sourceTree = "<group>"; };
		2A7D81FF28635BC0008D3153 /* DailyWeatherData.swift */ = {isa = PBXFileReference; lastKnownFileType = sourcecode.swift; path = DailyWeatherData.swift; sourceTree = "<group>"; };
		2A7D820128635C00008D3153 /* HourlyWeatherData.swift */ = {isa = PBXFileReference; lastKnownFileType = sourcecode.swift; path = HourlyWeatherData.swift; sourceTree = "<group>"; };
		2A7D820528645E21008D3153 /* Endpoint+Extension.swift */ = {isa = PBXFileReference; lastKnownFileType = sourcecode.swift; path = "Endpoint+Extension.swift"; sourceTree = "<group>"; };
		2A7D82092865D0D7008D3153 /* MapViewController.swift */ = {isa = PBXFileReference; lastKnownFileType = sourcecode.swift; path = MapViewController.swift; sourceTree = "<group>"; };
		2A7D820E28663C45008D3153 /* DailyWeatherCell.swift */ = {isa = PBXFileReference; lastKnownFileType = sourcecode.swift; path = DailyWeatherCell.swift; sourceTree = "<group>"; };
		2A7D820F28663C45008D3153 /* DailyWeatherCell.xib */ = {isa = PBXFileReference; lastKnownFileType = file.xib; path = DailyWeatherCell.xib; sourceTree = "<group>"; };
		2A8BBF7A2868E45700D05D40 /* Int+Extension.swift */ = {isa = PBXFileReference; lastKnownFileType = sourcecode.swift; path = "Int+Extension.swift"; sourceTree = "<group>"; };
		2A8BBF7C2869AE2C00D05D40 /* UIImageView+Extension.swift */ = {isa = PBXFileReference; lastKnownFileType = sourcecode.swift; path = "UIImageView+Extension.swift"; sourceTree = "<group>"; };
		2A8ED44828815B38009AB8AE /* SettingsViewController.swift */ = {isa = PBXFileReference; lastKnownFileType = sourcecode.swift; path = SettingsViewController.swift; sourceTree = "<group>"; };
		2A8ED44A28817003009AB8AE /* SelectNotificationSettings.swift */ = {isa = PBXFileReference; lastKnownFileType = sourcecode.swift; path = SelectNotificationSettings.swift; sourceTree = "<group>"; };
		2A8ED44F28842D9F009AB8AE /* Units.swift */ = {isa = PBXFileReference; lastKnownFileType = sourcecode.swift; path = Units.swift; sourceTree = "<group>"; };
		2AB5FA46287438C400FD53FF /* CellWithCollectionView.swift */ = {isa = PBXFileReference; lastKnownFileType = sourcecode.swift; path = CellWithCollectionView.swift; sourceTree = "<group>"; };
		2AB5FA47287438C400FD53FF /* CellWithCollectionView.xib */ = {isa = PBXFileReference; lastKnownFileType = file.xib; path = CellWithCollectionView.xib; sourceTree = "<group>"; };
		2AB5FA4B2874399500FD53FF /* MyHourlyCell.swift */ = {isa = PBXFileReference; lastKnownFileType = sourcecode.swift; path = MyHourlyCell.swift; sourceTree = "<group>"; };
		2AB5FA4C2874399500FD53FF /* MyHourlyCell.xib */ = {isa = PBXFileReference; lastKnownFileType = file.xib; path = MyHourlyCell.xib; sourceTree = "<group>"; };
		2AB5FA512874883200FD53FF /* CurrentWeatherCell.swift */ = {isa = PBXFileReference; lastKnownFileType = sourcecode.swift; path = CurrentWeatherCell.swift; sourceTree = "<group>"; };
		2AB5FA522874883200FD53FF /* CurrentWeatherCell.xib */ = {isa = PBXFileReference; lastKnownFileType = file.xib; path = CurrentWeatherCell.xib; sourceTree = "<group>"; };
		2AED752E288A9FE3007CF799 /* UIButton+Extension.swift */ = {isa = PBXFileReference; fileEncoding = 4; lastKnownFileType = sourcecode.swift; path = "UIButton+Extension.swift"; sourceTree = "<group>"; };
		5B87901EC2A46BB1A877535D /* Pods-WeatherApp.debug.xcconfig */ = {isa = PBXFileReference; includeInIndex = 1; lastKnownFileType = text.xcconfig; name = "Pods-WeatherApp.debug.xcconfig"; path = "Target Support Files/Pods-WeatherApp/Pods-WeatherApp.debug.xcconfig"; sourceTree = "<group>"; };
		7CE9813F59851AF0A18A111B /* Pods-WeatherApp.release.xcconfig */ = {isa = PBXFileReference; includeInIndex = 1; lastKnownFileType = text.xcconfig; name = "Pods-WeatherApp.release.xcconfig"; path = "Target Support Files/Pods-WeatherApp/Pods-WeatherApp.release.xcconfig"; sourceTree = "<group>"; };
		CE643614285C840A0055166C /* WeatherApp.app */ = {isa = PBXFileReference; explicitFileType = wrapper.application; includeInIndex = 0; path = WeatherApp.app; sourceTree = BUILT_PRODUCTS_DIR; };
		CE643617285C840A0055166C /* AppDelegate.swift */ = {isa = PBXFileReference; lastKnownFileType = sourcecode.swift; path = AppDelegate.swift; sourceTree = "<group>"; };
		CE643619285C840A0055166C /* SceneDelegate.swift */ = {isa = PBXFileReference; lastKnownFileType = sourcecode.swift; path = SceneDelegate.swift; sourceTree = "<group>"; };
		CE64361B285C840A0055166C /* MainViewController.swift */ = {isa = PBXFileReference; lastKnownFileType = sourcecode.swift; path = MainViewController.swift; sourceTree = "<group>"; };
		CE64361E285C840A0055166C /* Base */ = {isa = PBXFileReference; lastKnownFileType = file.storyboard; name = Base; path = Base.lproj/Main.storyboard; sourceTree = "<group>"; };
		CE643620285C840C0055166C /* Assets.xcassets */ = {isa = PBXFileReference; lastKnownFileType = folder.assetcatalog; path = Assets.xcassets; sourceTree = "<group>"; };
		CE643623285C840C0055166C /* Base */ = {isa = PBXFileReference; lastKnownFileType = file.storyboard; name = Base; path = Base.lproj/LaunchScreen.storyboard; sourceTree = "<group>"; };
		CE643625285C840C0055166C /* Info.plist */ = {isa = PBXFileReference; lastKnownFileType = text.plist.xml; path = Info.plist; sourceTree = "<group>"; };
		CE6E9871285C9C72001AF73B /* NetworkWeatherManager.swift */ = {isa = PBXFileReference; lastKnownFileType = sourcecode.swift; path = NetworkWeatherManager.swift; sourceTree = "<group>"; };
		D06937E72886A4F800790613 /* CitiesViewController.swift */ = {isa = PBXFileReference; lastKnownFileType = sourcecode.swift; path = CitiesViewController.swift; sourceTree = "<group>"; };
		D06937EB2886BB5C00790613 /* ReverseGeocoding.swift */ = {isa = PBXFileReference; lastKnownFileType = sourcecode.swift; path = ReverseGeocoding.swift; sourceTree = "<group>"; };
/* End PBXFileReference section */

/* Begin PBXFrameworksBuildPhase section */
		CE643611285C840A0055166C /* Frameworks */ = {
			isa = PBXFrameworksBuildPhase;
			buildActionMask = 2147483647;
			files = (
				2A0AE9AF286AF80D00E16479 /* RealmSwift in Frameworks */,
				2A0AE9AD286AF80D00E16479 /* Realm in Frameworks */,
				2A7D820D2865D2DE008D3153 /* SnapKit in Frameworks */,
				B2A9FC62FA74EC45AA7C386B /* Pods_WeatherApp.framework in Frameworks */,
			);
			runOnlyForDeploymentPostprocessing = 0;
		};
/* End PBXFrameworksBuildPhase section */

/* Begin PBXGroup section */
		0CC86D0D891DA64305FCF945 /* Frameworks */ = {
			isa = PBXGroup;
			children = (
				098477BCF29725D558D934E2 /* Pods_WeatherApp.framework */,
			);
			name = Frameworks;
			sourceTree = "<group>";
		};
		2A0AE9B0286B1D8F00E16479 /* HistoryCell */ = {
			isa = PBXGroup;
			children = (
				2A0AE9B1286B1DBA00E16479 /* HistoryCell.swift */,
				2A0AE9B2286B1DBA00E16479 /* HistoryCell.xib */,
			);
			path = HistoryCell;
			sourceTree = "<group>";
		};
		2A799023287B033A009E4F7F /* mapView */ = {
			isa = PBXGroup;
			children = (
				2A799024287B0372009E4F7F /* MarkerWindowView.xib */,
				2A799026287B038C009E4F7F /* MarkerWindowView.swift */,
			);
			path = mapView;
			sourceTree = "<group>";
		};
		2A7D81F82861E899008D3153 /* Extensions */ = {
			isa = PBXGroup;
			children = (
				2AED752E288A9FE3007CF799 /* UIButton+Extension.swift */,
				2A7D81F92861E8F6008D3153 /* MainViewController+Extension.swift */,
				2A2BB8BA286ED6B600951BC4 /* Notification.Name+Extension.swift */,
				2A7D820528645E21008D3153 /* Endpoint+Extension.swift */,
				2A8BBF7A2868E45700D05D40 /* Int+Extension.swift */,
				2A8BBF7C2869AE2C00D05D40 /* UIImageView+Extension.swift */,
				2A16675B287D7C64005D7D60 /* String+Extension.swift */,
			);
			path = Extensions;
			sourceTree = "<group>";
		};
		2A7D821228663C4F008D3153 /* DailyWeatherCell */ = {
			isa = PBXGroup;
			children = (
				2A7D820E28663C45008D3153 /* DailyWeatherCell.swift */,
				2A7D820F28663C45008D3153 /* DailyWeatherCell.xib */,
			);
			path = DailyWeatherCell;
			sourceTree = "<group>";
		};
		2A8BBF6F286888ED00D05D40 /* Cells */ = {
			isa = PBXGroup;
			children = (
				2A8BBF712868890C00D05D40 /* CollectionViewCell */,
				2A8BBF70286888FE00D05D40 /* TableViewCell */,
			);
			path = Cells;
			sourceTree = "<group>";
		};
		2A8BBF70286888FE00D05D40 /* TableViewCell */ = {
			isa = PBXGroup;
			children = (
				2A0AE9B0286B1D8F00E16479 /* HistoryCell */,
				2AB5FA502874880B00FD53FF /* CurrentWeatherCell */,
				2AB5FA452874388D00FD53FF /* CellWithCollectionView */,
				2A7D821228663C4F008D3153 /* DailyWeatherCell */,
			);
			path = TableViewCell;
			sourceTree = "<group>";
		};
		2A8BBF712868890C00D05D40 /* CollectionViewCell */ = {
			isa = PBXGroup;
			children = (
				2AB5FA4A2874395C00FD53FF /* HourlyForecastsCell */,
			);
			path = CollectionViewCell;
			sourceTree = "<group>";
		};
		2A8ED44E28842D8E009AB8AE /* Enums */ = {
			isa = PBXGroup;
			children = (
				2A8ED44F28842D9F009AB8AE /* Units.swift */,
			);
			path = Enums;
			sourceTree = "<group>";
		};
		2AB5FA452874388D00FD53FF /* CellWithCollectionView */ = {
			isa = PBXGroup;
			children = (
				2AB5FA46287438C400FD53FF /* CellWithCollectionView.swift */,
				2AB5FA47287438C400FD53FF /* CellWithCollectionView.xib */,
			);
			path = CellWithCollectionView;
			sourceTree = "<group>";
		};
		2AB5FA4A2874395C00FD53FF /* HourlyForecastsCell */ = {
			isa = PBXGroup;
			children = (
				2AB5FA4B2874399500FD53FF /* MyHourlyCell.swift */,
				2AB5FA4C2874399500FD53FF /* MyHourlyCell.xib */,
			);
			path = HourlyForecastsCell;
			sourceTree = "<group>";
		};
		2AB5FA502874880B00FD53FF /* CurrentWeatherCell */ = {
			isa = PBXGroup;
			children = (
				2AB5FA512874883200FD53FF /* CurrentWeatherCell.swift */,
				2AB5FA522874883200FD53FF /* CurrentWeatherCell.xib */,
			);
			path = CurrentWeatherCell;
			sourceTree = "<group>";
		};
		B9E948213F582FDB08A0C371 /* Pods */ = {
			isa = PBXGroup;
			children = (
				5B87901EC2A46BB1A877535D /* Pods-WeatherApp.debug.xcconfig */,
				7CE9813F59851AF0A18A111B /* Pods-WeatherApp.release.xcconfig */,
			);
			path = Pods;
			sourceTree = "<group>";
		};
		CE64360B285C840A0055166C = {
			isa = PBXGroup;
			children = (
				CE643616285C840A0055166C /* WeatherApp */,
				CE643615285C840A0055166C /* Products */,
				B9E948213F582FDB08A0C371 /* Pods */,
				0CC86D0D891DA64305FCF945 /* Frameworks */,
			);
			sourceTree = "<group>";
		};
		CE643615285C840A0055166C /* Products */ = {
			isa = PBXGroup;
			children = (
				CE643614285C840A0055166C /* WeatherApp.app */,
			);
			name = Products;
			sourceTree = "<group>";
		};
		CE643616285C840A0055166C /* WeatherApp */ = {
			isa = PBXGroup;
			children = (
				2A8BBF6F286888ED00D05D40 /* Cells */,
				2A8ED44E28842D8E009AB8AE /* Enums */,
				2A7D81F82861E899008D3153 /* Extensions */,
				CE6E9877285DB61D001AF73B /* Manager */,
				CE6E9870285C95D1001AF73B /* Models */,
				CE6E986F285C95BD001AF73B /* View Controllers */,
				CE6E986E285C95A8001AF73B /* Views */,
				CE6E986D285C956C001AF73B /* Supporting files */,
				2A166759287D7B90005D7D60 /* Localizable.strings */,
				2A166761287D9EF4005D7D60 /* InfoPlist.strings */,
			);
			path = WeatherApp;
			sourceTree = "<group>";
		};
		CE6E986D285C956C001AF73B /* Supporting files */ = {
			isa = PBXGroup;
			children = (
				CE643617285C840A0055166C /* AppDelegate.swift */,
				CE643619285C840A0055166C /* SceneDelegate.swift */,
				CE643620285C840C0055166C /* Assets.xcassets */,
				CE643625285C840C0055166C /* Info.plist */,
			);
			path = "Supporting files";
			sourceTree = "<group>";
		};
		CE6E986E285C95A8001AF73B /* Views */ = {
			isa = PBXGroup;
			children = (
				2A799023287B033A009E4F7F /* mapView */,
				CE64361D285C840A0055166C /* Main.storyboard */,
				CE643622285C840C0055166C /* LaunchScreen.storyboard */,
			);
			path = Views;
			sourceTree = "<group>";
		};
		CE6E986F285C95BD001AF73B /* View Controllers */ = {
			isa = PBXGroup;
			children = (
				CE64361B285C840A0055166C /* MainViewController.swift */,
				2A7D82092865D0D7008D3153 /* MapViewController.swift */,
				2A0AE9A7286AF3E500E16479 /* HistoryViewController.swift */,
				2A8ED44828815B38009AB8AE /* SettingsViewController.swift */,
				2A8ED44A28817003009AB8AE /* SelectNotificationSettings.swift */,
				D06937E72886A4F800790613 /* CitiesViewController.swift */,
			);
			path = "View Controllers";
			sourceTree = "<group>";
		};
		CE6E9870285C95D1001AF73B /* Models */ = {
			isa = PBXGroup;
			children = (
				2A7D81FB28630F61008D3153 /* Geocoding.swift */,
				2A7D81FD28631401008D3153 /* WeatherData.swift */,
				2A7D81FF28635BC0008D3153 /* DailyWeatherData.swift */,
				2A7D820128635C00008D3153 /* HourlyWeatherData.swift */,
				D06937EB2886BB5C00790613 /* ReverseGeocoding.swift */,
				2A0AE9A9286AF69600E16479 /* CurrentWeatherModel.swift */,
			);
			path = Models;
			sourceTree = "<group>";
		};
		CE6E9877285DB61D001AF73B /* Manager */ = {
			isa = PBXGroup;
			children = (
				CE6E9871285C9C72001AF73B /* NetworkWeatherManager.swift */,
				2A0AE9B5286C3A6100E16479 /* RealmManager.swift */,
			);
			path = Manager;
			sourceTree = "<group>";
		};
/* End PBXGroup section */

/* Begin PBXNativeTarget section */
		CE643613285C840A0055166C /* WeatherApp */ = {
			isa = PBXNativeTarget;
			buildConfigurationList = CE643628285C840C0055166C /* Build configuration list for PBXNativeTarget "WeatherApp" */;
			buildPhases = (
				C93A51152255538ECA1C0CDF /* [CP] Check Pods Manifest.lock */,
				CE643610285C840A0055166C /* Sources */,
				CE643611285C840A0055166C /* Frameworks */,
				CE643612285C840A0055166C /* Resources */,
				60BDAEB148CCEE3EC7DAE61E /* [CP] Copy Pods Resources */,
			);
			buildRules = (
			);
			dependencies = (
			);
			name = WeatherApp;
			packageProductDependencies = (
				2A7D820C2865D2DE008D3153 /* SnapKit */,
				2A0AE9AC286AF80D00E16479 /* Realm */,
				2A0AE9AE286AF80D00E16479 /* RealmSwift */,
			);
			productName = WeatherApp;
			productReference = CE643614285C840A0055166C /* WeatherApp.app */;
			productType = "com.apple.product-type.application";
		};
/* End PBXNativeTarget section */

/* Begin PBXProject section */
		CE64360C285C840A0055166C /* Project object */ = {
			isa = PBXProject;
			attributes = {
				BuildIndependentTargetsInParallel = 1;
				LastSwiftUpdateCheck = 1340;
				LastUpgradeCheck = 1340;
				TargetAttributes = {
					CE643613285C840A0055166C = {
						CreatedOnToolsVersion = 13.4.1;
					};
				};
			};
			buildConfigurationList = CE64360F285C840A0055166C /* Build configuration list for PBXProject "WeatherApp" */;
			compatibilityVersion = "Xcode 13.0";
			developmentRegion = en;
			hasScannedForEncodings = 0;
			knownRegions = (
				en,
				Base,
				ru,
			);
			mainGroup = CE64360B285C840A0055166C;
			packageReferences = (
				2A7D820B2865D2DE008D3153 /* XCRemoteSwiftPackageReference "SnapKit" */,
				2A0AE9AB286AF80D00E16479 /* XCRemoteSwiftPackageReference "realm-swift" */,
			);
			productRefGroup = CE643615285C840A0055166C /* Products */;
			projectDirPath = "";
			projectRoot = "";
			targets = (
				CE643613285C840A0055166C /* WeatherApp */,
			);
		};
/* End PBXProject section */

/* Begin PBXResourcesBuildPhase section */
		CE643612285C840A0055166C /* Resources */ = {
			isa = PBXResourcesBuildPhase;
			buildActionMask = 2147483647;
			files = (
				2A799025287B0372009E4F7F /* MarkerWindowView.xib in Resources */,
				2A7D821128663C45008D3153 /* DailyWeatherCell.xib in Resources */,
				2AB5FA542874883200FD53FF /* CurrentWeatherCell.xib in Resources */,
				CE643624285C840C0055166C /* LaunchScreen.storyboard in Resources */,
				2AB5FA4E2874399500FD53FF /* MyHourlyCell.xib in Resources */,
				2A166757287D7B90005D7D60 /* Localizable.strings in Resources */,
				CE643621285C840C0055166C /* Assets.xcassets in Resources */,
				2AB5FA49287438C400FD53FF /* CellWithCollectionView.xib in Resources */,
				CE64361F285C840A0055166C /* Main.storyboard in Resources */,
				2A16675F287D9EF4005D7D60 /* InfoPlist.strings in Resources */,
				2A0AE9B4286B1DBA00E16479 /* HistoryCell.xib in Resources */,
			);
			runOnlyForDeploymentPostprocessing = 0;
		};
/* End PBXResourcesBuildPhase section */

/* Begin PBXShellScriptBuildPhase section */
		60BDAEB148CCEE3EC7DAE61E /* [CP] Copy Pods Resources */ = {
			isa = PBXShellScriptBuildPhase;
			buildActionMask = 2147483647;
			files = (
			);
			inputFileListPaths = (
				"${PODS_ROOT}/Target Support Files/Pods-WeatherApp/Pods-WeatherApp-resources-${CONFIGURATION}-input-files.xcfilelist",
			);
			name = "[CP] Copy Pods Resources";
			outputFileListPaths = (
				"${PODS_ROOT}/Target Support Files/Pods-WeatherApp/Pods-WeatherApp-resources-${CONFIGURATION}-output-files.xcfilelist",
			);
			runOnlyForDeploymentPostprocessing = 0;
			shellPath = /bin/sh;
			shellScript = "\"${PODS_ROOT}/Target Support Files/Pods-WeatherApp/Pods-WeatherApp-resources.sh\"\n";
			showEnvVarsInLog = 0;
		};
		C93A51152255538ECA1C0CDF /* [CP] Check Pods Manifest.lock */ = {
			isa = PBXShellScriptBuildPhase;
			buildActionMask = 2147483647;
			files = (
			);
			inputFileListPaths = (
			);
			inputPaths = (
				"${PODS_PODFILE_DIR_PATH}/Podfile.lock",
				"${PODS_ROOT}/Manifest.lock",
			);
			name = "[CP] Check Pods Manifest.lock";
			outputFileListPaths = (
			);
			outputPaths = (
				"$(DERIVED_FILE_DIR)/Pods-WeatherApp-checkManifestLockResult.txt",
			);
			runOnlyForDeploymentPostprocessing = 0;
			shellPath = /bin/sh;
			shellScript = "diff \"${PODS_PODFILE_DIR_PATH}/Podfile.lock\" \"${PODS_ROOT}/Manifest.lock\" > /dev/null\nif [ $? != 0 ] ; then\n    # print error to STDERR\n    echo \"error: The sandbox is not in sync with the Podfile.lock. Run 'pod install' or update your CocoaPods installation.\" >&2\n    exit 1\nfi\n# This output is used by Xcode 'outputs' to avoid re-running this script phase.\necho \"SUCCESS\" > \"${SCRIPT_OUTPUT_FILE_0}\"\n";
			showEnvVarsInLog = 0;
		};
/* End PBXShellScriptBuildPhase section */

/* Begin PBXSourcesBuildPhase section */
		CE643610285C840A0055166C /* Sources */ = {
			isa = PBXSourcesBuildPhase;
			buildActionMask = 2147483647;
			files = (
				2A8BBF7D2869AE2C00D05D40 /* UIImageView+Extension.swift in Sources */,
				2A2BB8BB286ED6B600951BC4 /* Notification.Name+Extension.swift in Sources */,
				2A7D820A2865D0D7008D3153 /* MapViewController.swift in Sources */,
				CE64361C285C840A0055166C /* MainViewController.swift in Sources */,
				2A7D81FA2861E8F6008D3153 /* MainViewController+Extension.swift in Sources */,
				D06937E82886A4F800790613 /* CitiesViewController.swift in Sources */,
				CE643618285C840A0055166C /* AppDelegate.swift in Sources */,
				2A7D820628645E21008D3153 /* Endpoint+Extension.swift in Sources */,
				2A0AE9A8286AF3E500E16479 /* HistoryViewController.swift in Sources */,
				2A8ED44928815B39009AB8AE /* SettingsViewController.swift in Sources */,
				CE64361A285C840A0055166C /* SceneDelegate.swift in Sources */,
				2A799027287B038C009E4F7F /* MarkerWindowView.swift in Sources */,
				2A7D81FC28630F61008D3153 /* Geocoding.swift in Sources */,
				D06937EC2886BB5C00790613 /* ReverseGeocoding.swift in Sources */,
				2A7D81FE28631401008D3153 /* WeatherData.swift in Sources */,
				2A0AE9B6286C3A6100E16479 /* RealmManager.swift in Sources */,
				2AB5FA48287438C400FD53FF /* CellWithCollectionView.swift in Sources */,
				2A7D821028663C45008D3153 /* DailyWeatherCell.swift in Sources */,
				2A8ED44B28817003009AB8AE /* SelectNotificationSettings.swift in Sources */,
				2A0AE9B3286B1DBA00E16479 /* HistoryCell.swift in Sources */,
				2A16675C287D7C64005D7D60 /* String+Extension.swift in Sources */,
				2AB5FA4D2874399500FD53FF /* MyHourlyCell.swift in Sources */,
				2A8BBF7B2868E45700D05D40 /* Int+Extension.swift in Sources */,
				2AED752F288A9FE3007CF799 /* UIButton+Extension.swift in Sources */,
				2A0AE9AA286AF69600E16479 /* CurrentWeatherModel.swift in Sources */,
				2AB5FA532874883200FD53FF /* CurrentWeatherCell.swift in Sources */,
				2A7D820028635BC0008D3153 /* DailyWeatherData.swift in Sources */,
				CE6E9872285C9C72001AF73B /* NetworkWeatherManager.swift in Sources */,
				2A8ED45028842D9F009AB8AE /* Units.swift in Sources */,
				2A7D820228635C00008D3153 /* HourlyWeatherData.swift in Sources */,
			);
			runOnlyForDeploymentPostprocessing = 0;
		};
/* End PBXSourcesBuildPhase section */

/* Begin PBXVariantGroup section */
		2A166759287D7B90005D7D60 /* Localizable.strings */ = {
			isa = PBXVariantGroup;
			children = (
				2A166758287D7B90005D7D60 /* en */,
				2A16675A287D7C27005D7D60 /* ru */,
			);
			name = Localizable.strings;
			sourceTree = "<group>";
		};
		2A166761287D9EF4005D7D60 /* InfoPlist.strings */ = {
			isa = PBXVariantGroup;
			children = (
				2A166760287D9EF4005D7D60 /* en */,
				2A166762287D9EF6005D7D60 /* ru */,
			);
			name = InfoPlist.strings;
			sourceTree = "<group>";
		};
		CE64361D285C840A0055166C /* Main.storyboard */ = {
			isa = PBXVariantGroup;
			children = (
				CE64361E285C840A0055166C /* Base */,
			);
			name = Main.storyboard;
			sourceTree = "<group>";
		};
		CE643622285C840C0055166C /* LaunchScreen.storyboard */ = {
			isa = PBXVariantGroup;
			children = (
				CE643623285C840C0055166C /* Base */,
			);
			name = LaunchScreen.storyboard;
			sourceTree = "<group>";
		};
/* End PBXVariantGroup section */

/* Begin XCBuildConfiguration section */
		CE643626285C840C0055166C /* Debug */ = {
			isa = XCBuildConfiguration;
			buildSettings = {
				ALWAYS_SEARCH_USER_PATHS = NO;
				CLANG_ANALYZER_LOCALIZABILITY_NONLOCALIZED = YES;
				CLANG_ANALYZER_NONNULL = YES;
				CLANG_ANALYZER_NUMBER_OBJECT_CONVERSION = YES_AGGRESSIVE;
				CLANG_CXX_LANGUAGE_STANDARD = "gnu++17";
				CLANG_ENABLE_MODULES = YES;
				CLANG_ENABLE_OBJC_ARC = YES;
				CLANG_ENABLE_OBJC_WEAK = YES;
				CLANG_WARN_BLOCK_CAPTURE_AUTORELEASING = YES;
				CLANG_WARN_BOOL_CONVERSION = YES;
				CLANG_WARN_COMMA = YES;
				CLANG_WARN_CONSTANT_CONVERSION = YES;
				CLANG_WARN_DEPRECATED_OBJC_IMPLEMENTATIONS = YES;
				CLANG_WARN_DIRECT_OBJC_ISA_USAGE = YES_ERROR;
				CLANG_WARN_DOCUMENTATION_COMMENTS = YES;
				CLANG_WARN_EMPTY_BODY = YES;
				CLANG_WARN_ENUM_CONVERSION = YES;
				CLANG_WARN_INFINITE_RECURSION = YES;
				CLANG_WARN_INT_CONVERSION = YES;
				CLANG_WARN_NON_LITERAL_NULL_CONVERSION = YES;
				CLANG_WARN_OBJC_IMPLICIT_RETAIN_SELF = YES;
				CLANG_WARN_OBJC_LITERAL_CONVERSION = YES;
				CLANG_WARN_OBJC_ROOT_CLASS = YES_ERROR;
				CLANG_WARN_QUOTED_INCLUDE_IN_FRAMEWORK_HEADER = YES;
				CLANG_WARN_RANGE_LOOP_ANALYSIS = YES;
				CLANG_WARN_STRICT_PROTOTYPES = YES;
				CLANG_WARN_SUSPICIOUS_MOVE = YES;
				CLANG_WARN_UNGUARDED_AVAILABILITY = YES_AGGRESSIVE;
				CLANG_WARN_UNREACHABLE_CODE = YES;
				CLANG_WARN__DUPLICATE_METHOD_MATCH = YES;
				COPY_PHASE_STRIP = NO;
				DEBUG_INFORMATION_FORMAT = dwarf;
				ENABLE_STRICT_OBJC_MSGSEND = YES;
				ENABLE_TESTABILITY = YES;
				GCC_C_LANGUAGE_STANDARD = gnu11;
				GCC_DYNAMIC_NO_PIC = NO;
				GCC_NO_COMMON_BLOCKS = YES;
				GCC_OPTIMIZATION_LEVEL = 0;
				GCC_PREPROCESSOR_DEFINITIONS = (
					"DEBUG=1",
					"$(inherited)",
				);
				GCC_WARN_64_TO_32_BIT_CONVERSION = YES;
				GCC_WARN_ABOUT_RETURN_TYPE = YES_ERROR;
				GCC_WARN_UNDECLARED_SELECTOR = YES;
				GCC_WARN_UNINITIALIZED_AUTOS = YES_AGGRESSIVE;
				GCC_WARN_UNUSED_FUNCTION = YES;
				GCC_WARN_UNUSED_VARIABLE = YES;
				IPHONEOS_DEPLOYMENT_TARGET = 15.5;
				MTL_ENABLE_DEBUG_INFO = INCLUDE_SOURCE;
				MTL_FAST_MATH = YES;
				ONLY_ACTIVE_ARCH = YES;
				SDKROOT = iphoneos;
				SWIFT_ACTIVE_COMPILATION_CONDITIONS = DEBUG;
				SWIFT_OPTIMIZATION_LEVEL = "-Onone";
			};
			name = Debug;
		};
		CE643627285C840C0055166C /* Release */ = {
			isa = XCBuildConfiguration;
			buildSettings = {
				ALWAYS_SEARCH_USER_PATHS = NO;
				CLANG_ANALYZER_LOCALIZABILITY_NONLOCALIZED = YES;
				CLANG_ANALYZER_NONNULL = YES;
				CLANG_ANALYZER_NUMBER_OBJECT_CONVERSION = YES_AGGRESSIVE;
				CLANG_CXX_LANGUAGE_STANDARD = "gnu++17";
				CLANG_ENABLE_MODULES = YES;
				CLANG_ENABLE_OBJC_ARC = YES;
				CLANG_ENABLE_OBJC_WEAK = YES;
				CLANG_WARN_BLOCK_CAPTURE_AUTORELEASING = YES;
				CLANG_WARN_BOOL_CONVERSION = YES;
				CLANG_WARN_COMMA = YES;
				CLANG_WARN_CONSTANT_CONVERSION = YES;
				CLANG_WARN_DEPRECATED_OBJC_IMPLEMENTATIONS = YES;
				CLANG_WARN_DIRECT_OBJC_ISA_USAGE = YES_ERROR;
				CLANG_WARN_DOCUMENTATION_COMMENTS = YES;
				CLANG_WARN_EMPTY_BODY = YES;
				CLANG_WARN_ENUM_CONVERSION = YES;
				CLANG_WARN_INFINITE_RECURSION = YES;
				CLANG_WARN_INT_CONVERSION = YES;
				CLANG_WARN_NON_LITERAL_NULL_CONVERSION = YES;
				CLANG_WARN_OBJC_IMPLICIT_RETAIN_SELF = YES;
				CLANG_WARN_OBJC_LITERAL_CONVERSION = YES;
				CLANG_WARN_OBJC_ROOT_CLASS = YES_ERROR;
				CLANG_WARN_QUOTED_INCLUDE_IN_FRAMEWORK_HEADER = YES;
				CLANG_WARN_RANGE_LOOP_ANALYSIS = YES;
				CLANG_WARN_STRICT_PROTOTYPES = YES;
				CLANG_WARN_SUSPICIOUS_MOVE = YES;
				CLANG_WARN_UNGUARDED_AVAILABILITY = YES_AGGRESSIVE;
				CLANG_WARN_UNREACHABLE_CODE = YES;
				CLANG_WARN__DUPLICATE_METHOD_MATCH = YES;
				COPY_PHASE_STRIP = NO;
				DEBUG_INFORMATION_FORMAT = "dwarf-with-dsym";
				ENABLE_NS_ASSERTIONS = NO;
				ENABLE_STRICT_OBJC_MSGSEND = YES;
				GCC_C_LANGUAGE_STANDARD = gnu11;
				GCC_NO_COMMON_BLOCKS = YES;
				GCC_WARN_64_TO_32_BIT_CONVERSION = YES;
				GCC_WARN_ABOUT_RETURN_TYPE = YES_ERROR;
				GCC_WARN_UNDECLARED_SELECTOR = YES;
				GCC_WARN_UNINITIALIZED_AUTOS = YES_AGGRESSIVE;
				GCC_WARN_UNUSED_FUNCTION = YES;
				GCC_WARN_UNUSED_VARIABLE = YES;
				IPHONEOS_DEPLOYMENT_TARGET = 15.5;
				MTL_ENABLE_DEBUG_INFO = NO;
				MTL_FAST_MATH = YES;
				SDKROOT = iphoneos;
				SWIFT_COMPILATION_MODE = wholemodule;
				SWIFT_OPTIMIZATION_LEVEL = "-O";
				VALIDATE_PRODUCT = YES;
			};
			name = Release;
		};
		CE643629285C840C0055166C /* Debug */ = {
			isa = XCBuildConfiguration;
			baseConfigurationReference = 5B87901EC2A46BB1A877535D /* Pods-WeatherApp.debug.xcconfig */;
			buildSettings = {
				ASSETCATALOG_COMPILER_APPICON_NAME = AppIcon;
				ASSETCATALOG_COMPILER_GLOBAL_ACCENT_COLOR_NAME = AccentColor;
				CODE_SIGN_STYLE = Automatic;
				CURRENT_PROJECT_VERSION = 1;
				DEVELOPMENT_TEAM = 2GHT8VU4HM;
				GENERATE_INFOPLIST_FILE = YES;
				INFOPLIST_FILE = "WeatherApp/Supporting files/Info.plist";
				INFOPLIST_KEY_NSLocationAlwaysAndWhenInUseUsageDescription = "We need your location data to provide weather information.";
				INFOPLIST_KEY_NSLocationUsageDescription = "We need your location data to provide weather information.";
				INFOPLIST_KEY_NSLocationWhenInUseUsageDescription = "We need your location data to provide weather information.";
				INFOPLIST_KEY_UIApplicationSupportsIndirectInputEvents = YES;
				INFOPLIST_KEY_UILaunchStoryboardName = LaunchScreen;
				INFOPLIST_KEY_UIMainStoryboardFile = Main;
				INFOPLIST_KEY_UIStatusBarHidden = NO;
				INFOPLIST_KEY_UISupportedInterfaceOrientations = UIInterfaceOrientationPortrait;
				INFOPLIST_KEY_UISupportedInterfaceOrientations_iPad = "UIInterfaceOrientationPortrait UIInterfaceOrientationPortraitUpsideDown UIInterfaceOrientationLandscapeLeft UIInterfaceOrientationLandscapeRight";
				INFOPLIST_KEY_UISupportedInterfaceOrientations_iPhone = "UIInterfaceOrientationPortrait UIInterfaceOrientationLandscapeLeft UIInterfaceOrientationLandscapeRight";
				IPHONEOS_DEPLOYMENT_TARGET = 15.0;
				LD_RUNPATH_SEARCH_PATHS = (
					"$(inherited)",
					"@executable_path/Frameworks",
				);
				MARKETING_VERSION = 1.0;
				PRODUCT_BUNDLE_IDENTIFIER = sekerko.WeatherApp;
				PRODUCT_NAME = "$(TARGET_NAME)";
				SWIFT_EMIT_LOC_STRINGS = YES;
				SWIFT_VERSION = 5.0;
				TARGETED_DEVICE_FAMILY = 1;
			};
			name = Debug;
		};
		CE64362A285C840C0055166C /* Release */ = {
			isa = XCBuildConfiguration;
			baseConfigurationReference = 7CE9813F59851AF0A18A111B /* Pods-WeatherApp.release.xcconfig */;
			buildSettings = {
				ASSETCATALOG_COMPILER_APPICON_NAME = AppIcon;
				ASSETCATALOG_COMPILER_GLOBAL_ACCENT_COLOR_NAME = AccentColor;
				CODE_SIGN_STYLE = Automatic;
				CURRENT_PROJECT_VERSION = 1;
				DEVELOPMENT_TEAM = 2GHT8VU4HM;
				GENERATE_INFOPLIST_FILE = YES;
				INFOPLIST_FILE = "WeatherApp/Supporting files/Info.plist";
				INFOPLIST_KEY_NSLocationAlwaysAndWhenInUseUsageDescription = "We need your location data to provide weather information.";
				INFOPLIST_KEY_NSLocationUsageDescription = "We need your location data to provide weather information.";
				INFOPLIST_KEY_NSLocationWhenInUseUsageDescription = "We need your location data to provide weather information.";
				INFOPLIST_KEY_UIApplicationSupportsIndirectInputEvents = YES;
				INFOPLIST_KEY_UILaunchStoryboardName = LaunchScreen;
				INFOPLIST_KEY_UIMainStoryboardFile = Main;
				INFOPLIST_KEY_UIStatusBarHidden = NO;
				INFOPLIST_KEY_UISupportedInterfaceOrientations = UIInterfaceOrientationPortrait;
				INFOPLIST_KEY_UISupportedInterfaceOrientations_iPad = "UIInterfaceOrientationPortrait UIInterfaceOrientationPortraitUpsideDown UIInterfaceOrientationLandscapeLeft UIInterfaceOrientationLandscapeRight";
				INFOPLIST_KEY_UISupportedInterfaceOrientations_iPhone = "UIInterfaceOrientationPortrait UIInterfaceOrientationLandscapeLeft UIInterfaceOrientationLandscapeRight";
				IPHONEOS_DEPLOYMENT_TARGET = 15.0;
				LD_RUNPATH_SEARCH_PATHS = (
					"$(inherited)",
					"@executable_path/Frameworks",
				);
				MARKETING_VERSION = 1.0;
				PRODUCT_BUNDLE_IDENTIFIER = sekerko.WeatherApp;
				PRODUCT_NAME = "$(TARGET_NAME)";
				SWIFT_EMIT_LOC_STRINGS = YES;
				SWIFT_VERSION = 5.0;
				TARGETED_DEVICE_FAMILY = 1;
			};
			name = Release;
		};
/* End XCBuildConfiguration section */

/* Begin XCConfigurationList section */
		CE64360F285C840A0055166C /* Build configuration list for PBXProject "WeatherApp" */ = {
			isa = XCConfigurationList;
			buildConfigurations = (
				CE643626285C840C0055166C /* Debug */,
				CE643627285C840C0055166C /* Release */,
			);
			defaultConfigurationIsVisible = 0;
			defaultConfigurationName = Release;
		};
		CE643628285C840C0055166C /* Build configuration list for PBXNativeTarget "WeatherApp" */ = {
			isa = XCConfigurationList;
			buildConfigurations = (
				CE643629285C840C0055166C /* Debug */,
				CE64362A285C840C0055166C /* Release */,
			);
			defaultConfigurationIsVisible = 0;
			defaultConfigurationName = Release;
		};
/* End XCConfigurationList section */

/* Begin XCRemoteSwiftPackageReference section */
		2A0AE9AB286AF80D00E16479 /* XCRemoteSwiftPackageReference "realm-swift" */ = {
			isa = XCRemoteSwiftPackageReference;
			repositoryURL = "https://github.com/realm/realm-swift.git";
			requirement = {
				kind = upToNextMajorVersion;
				minimumVersion = 10.19.0;
			};
		};
		2A7D820B2865D2DE008D3153 /* XCRemoteSwiftPackageReference "SnapKit" */ = {
			isa = XCRemoteSwiftPackageReference;
			repositoryURL = "https://github.com/SnapKit/SnapKit.git";
			requirement = {
				kind = upToNextMajorVersion;
				minimumVersion = 5.0.0;
			};
		};
/* End XCRemoteSwiftPackageReference section */

/* Begin XCSwiftPackageProductDependency section */
		2A0AE9AC286AF80D00E16479 /* Realm */ = {
			isa = XCSwiftPackageProductDependency;
			package = 2A0AE9AB286AF80D00E16479 /* XCRemoteSwiftPackageReference "realm-swift" */;
			productName = Realm;
		};
		2A0AE9AE286AF80D00E16479 /* RealmSwift */ = {
			isa = XCSwiftPackageProductDependency;
			package = 2A0AE9AB286AF80D00E16479 /* XCRemoteSwiftPackageReference "realm-swift" */;
			productName = RealmSwift;
		};
		2A7D820C2865D2DE008D3153 /* SnapKit */ = {
			isa = XCSwiftPackageProductDependency;
			package = 2A7D820B2865D2DE008D3153 /* XCRemoteSwiftPackageReference "SnapKit" */;
			productName = SnapKit;
		};
/* End XCSwiftPackageProductDependency section */
	};
	rootObject = CE64360C285C840A0055166C /* Project object */;
}
